
Microsoft Visual Studio Solution File, Format Version 12.00
# Visual Studio Version 17
VisualStudioVersion = 17.4.33213.308
MinimumVisualStudioVersion = 10.0.40219.1
Project("{FAE04EC0-301F-11D3-BF4B-00C04F79EFBC}") = "TCCVerificacaoEPI", "TCCVerificacaoEPI.csproj", "{5D688643-267D-4C75-883A-8B4E503A6148}"
EndProject
Global
	GlobalSection(SolutionConfigurationPlatforms) = preSolution
		Debug|Any CPU = Debug|Any CPU
		Release|Any CPU = Release|Any CPU
	EndGlobalSection
	GlobalSection(ProjectConfigurationPlatforms) = postSolution
		{5D688643-267D-4C75-883A-8B4E503A6148}.Debug|Any CPU.ActiveCfg = Debug|Any CPU
		{5D688643-267D-4C75-883A-8B4E503A6148}.Debug|Any CPU.Build.0 = Debug|Any CPU
		{5D688643-267D-4C75-883A-8B4E503A6148}.Release|Any CPU.ActiveCfg = Release|Any CPU
		{5D688643-267D-4C75-883A-8B4E503A6148}.Release|Any CPU.Build.0 = Release|Any CPU
	EndGlobalSection
	GlobalSection(SolutionProperties) = preSolution
		HideSolutionNode = FALSE
	EndGlobalSection
	GlobalSection(ExtensibilityGlobals) = postSolution
		SolutionGuid = {C0EBB3E3-6F40-4CA2-8CB1-8D0606FFF7E4}
	EndGlobalSection
EndGlobal
